// !$*UTF8*$!
{
	archiveVersion = 1;
	classes = {
	};
	objectVersion = 55;
	objects = {

/* Begin PBXBuildFile section */
		C566D2BD275E0467001A93FE /* Unit.swift in Sources */ = {isa = PBXBuildFile; fileRef = C566D2BC275E0467001A93FE /* Unit.swift */; };
		C566D2C1275E20D8001A93FE /* UnitTableViewCell.swift in Sources */ = {isa = PBXBuildFile; fileRef = C566D2BF275E20D8001A93FE /* UnitTableViewCell.swift */; };
		C566D2C2275E20D8001A93FE /* UnitTableViewCell.xib in Resources */ = {isa = PBXBuildFile; fileRef = C566D2C0275E20D8001A93FE /* UnitTableViewCell.xib */; };
		C566D2C4275EB65A001A93FE /* Encodable+Extensions.swift in Sources */ = {isa = PBXBuildFile; fileRef = C566D2C3275EB659001A93FE /* Encodable+Extensions.swift */; };
		C566D2C6275EBC40001A93FE /* Coords.swift in Sources */ = {isa = PBXBuildFile; fileRef = C566D2C5275EBC40001A93FE /* Coords.swift */; };
		C566D2C8275EBF0E001A93FE /* UIViewController+Extensions.swift in Sources */ = {isa = PBXBuildFile; fileRef = C566D2C7275EBF0E001A93FE /* UIViewController+Extensions.swift */; };
		C57601C8275FEEA200B380A8 /* UIView + Extensions.swift in Sources */ = {isa = PBXBuildFile; fileRef = C57601C7275FEEA200B380A8 /* UIView + Extensions.swift */; };
		C57601CA275FEEFD00B380A8 /* UIButton + Extensions.swift in Sources */ = {isa = PBXBuildFile; fileRef = C57601C9275FEEFD00B380A8 /* UIButton + Extensions.swift */; };
		C583C067275CE20F00F075B6 /* AppDelegate.swift in Sources */ = {isa = PBXBuildFile; fileRef = C583C066275CE20F00F075B6 /* AppDelegate.swift */; };
		C583C069275CE20F00F075B6 /* SceneDelegate.swift in Sources */ = {isa = PBXBuildFile; fileRef = C583C068275CE20F00F075B6 /* SceneDelegate.swift */; };
		C583C06E275CE20F00F075B6 /* Main.storyboard in Resources */ = {isa = PBXBuildFile; fileRef = C583C06C275CE20F00F075B6 /* Main.storyboard */; };
		C583C070275CE21200F075B6 /* Assets.xcassets in Resources */ = {isa = PBXBuildFile; fileRef = C583C06F275CE21200F075B6 /* Assets.xcassets */; };
		C583C073275CE21200F075B6 /* LaunchScreen.storyboard in Resources */ = {isa = PBXBuildFile; fileRef = C583C071275CE21200F075B6 /* LaunchScreen.storyboard */; };
		C583C080275CEC7000F075B6 /* APIRoute.swift in Sources */ = {isa = PBXBuildFile; fileRef = C583C07F275CEC7000F075B6 /* APIRoute.swift */; };
		C583C082275CEFC100F075B6 /* APIHandler.swift in Sources */ = {isa = PBXBuildFile; fileRef = C583C081275CEFC100F075B6 /* APIHandler.swift */; };
		C583C084275CF83400F075B6 /* ProjectNetwork.swift in Sources */ = {isa = PBXBuildFile; fileRef = C583C083275CF83400F075B6 /* ProjectNetwork.swift */; };
		C583C086275D292F00F075B6 /* webViewController.swift in Sources */ = {isa = PBXBuildFile; fileRef = C583C085275D292F00F075B6 /* webViewController.swift */; };
		C583C088275D2FFC00F075B6 /* UserInformationViewController.swift in Sources */ = {isa = PBXBuildFile; fileRef = C583C087275D2FFC00F075B6 /* UserInformationViewController.swift */; };
		C583C08B275D37DC00F075B6 /* User.swift in Sources */ = {isa = PBXBuildFile; fileRef = C583C08A275D37DC00F075B6 /* User.swift */; };
		C583C08E275D5B2B00F075B6 /* URL + Extenstions.swift in Sources */ = {isa = PBXBuildFile; fileRef = C583C08D275D5B2B00F075B6 /* URL + Extenstions.swift */; };
		C583C091275D5EF700F075B6 /* Spec.swift in Sources */ = {isa = PBXBuildFile; fileRef = C583C090275D5EF700F075B6 /* Spec.swift */; };
		C583C093275D682D00F075B6 /* UnitsViewController.swift in Sources */ = {isa = PBXBuildFile; fileRef = C583C092275D682D00F075B6 /* UnitsViewController.swift */; };
/* End PBXBuildFile section */

/* Begin PBXFileReference section */
		C566D2BC275E0467001A93FE /* Unit.swift */ = {isa = PBXFileReference; lastKnownFileType = sourcecode.swift; path = Unit.swift; sourceTree = "<group>"; };
		C566D2BF275E20D8001A93FE /* UnitTableViewCell.swift */ = {isa = PBXFileReference; lastKnownFileType = sourcecode.swift; path = UnitTableViewCell.swift; sourceTree = "<group>"; };
		C566D2C0275E20D8001A93FE /* UnitTableViewCell.xib */ = {isa = PBXFileReference; lastKnownFileType = file.xib; path = UnitTableViewCell.xib; sourceTree = "<group>"; };
		C566D2C3275EB659001A93FE /* Encodable+Extensions.swift */ = {isa = PBXFileReference; fileEncoding = 4; lastKnownFileType = sourcecode.swift; path = "Encodable+Extensions.swift"; sourceTree = "<group>"; };
		C566D2C5275EBC40001A93FE /* Coords.swift */ = {isa = PBXFileReference; lastKnownFileType = sourcecode.swift; path = Coords.swift; sourceTree = "<group>"; };
		C566D2C7275EBF0E001A93FE /* UIViewController+Extensions.swift */ = {isa = PBXFileReference; fileEncoding = 4; lastKnownFileType = sourcecode.swift; path = "UIViewController+Extensions.swift"; sourceTree = "<group>"; };
		C57601C7275FEEA200B380A8 /* UIView + Extensions.swift */ = {isa = PBXFileReference; fileEncoding = 4; lastKnownFileType = sourcecode.swift; path = "UIView + Extensions.swift"; sourceTree = "<group>"; };
		C57601C9275FEEFD00B380A8 /* UIButton + Extensions.swift */ = {isa = PBXFileReference; lastKnownFileType = sourcecode.swift; path = "UIButton + Extensions.swift"; sourceTree = "<group>"; };
		C583C063275CE20F00F075B6 /* Project.app */ = {isa = PBXFileReference; explicitFileType = wrapper.application; includeInIndex = 0; path = Project.app; sourceTree = BUILT_PRODUCTS_DIR; };
		C583C066275CE20F00F075B6 /* AppDelegate.swift */ = {isa = PBXFileReference; lastKnownFileType = sourcecode.swift; path = AppDelegate.swift; sourceTree = "<group>"; };
		C583C068275CE20F00F075B6 /* SceneDelegate.swift */ = {isa = PBXFileReference; lastKnownFileType = sourcecode.swift; path = SceneDelegate.swift; sourceTree = "<group>"; };
		C583C06D275CE20F00F075B6 /* Base */ = {isa = PBXFileReference; lastKnownFileType = file.storyboard; name = Base; path = Base.lproj/Main.storyboard; sourceTree = "<group>"; };
		C583C06F275CE21200F075B6 /* Assets.xcassets */ = {isa = PBXFileReference; lastKnownFileType = folder.assetcatalog; path = Assets.xcassets; sourceTree = "<group>"; };
		C583C072275CE21200F075B6 /* Base */ = {isa = PBXFileReference; lastKnownFileType = file.storyboard; name = Base; path = Base.lproj/LaunchScreen.storyboard; sourceTree = "<group>"; };
		C583C074275CE21200F075B6 /* Info.plist */ = {isa = PBXFileReference; lastKnownFileType = text.plist.xml; path = Info.plist; sourceTree = "<group>"; };
		C583C07F275CEC7000F075B6 /* APIRoute.swift */ = {isa = PBXFileReference; lastKnownFileType = sourcecode.swift; path = APIRoute.swift; sourceTree = "<group>"; };
		C583C081275CEFC100F075B6 /* APIHandler.swift */ = {isa = PBXFileReference; lastKnownFileType = sourcecode.swift; path = APIHandler.swift; sourceTree = "<group>"; };
		C583C083275CF83400F075B6 /* ProjectNetwork.swift */ = {isa = PBXFileReference; lastKnownFileType = sourcecode.swift; path = ProjectNetwork.swift; sourceTree = "<group>"; };
		C583C085275D292F00F075B6 /* webViewController.swift */ = {isa = PBXFileReference; lastKnownFileType = sourcecode.swift; path = webViewController.swift; sourceTree = "<group>"; };
		C583C087275D2FFC00F075B6 /* UserInformationViewController.swift */ = {isa = PBXFileReference; lastKnownFileType = sourcecode.swift; path = UserInformationViewController.swift; sourceTree = "<group>"; };
		C583C08A275D37DC00F075B6 /* User.swift */ = {isa = PBXFileReference; lastKnownFileType = sourcecode.swift; path = User.swift; sourceTree = "<group>"; };
		C583C08D275D5B2B00F075B6 /* URL + Extenstions.swift */ = {isa = PBXFileReference; lastKnownFileType = sourcecode.swift; path = "URL + Extenstions.swift"; sourceTree = "<group>"; };
		C583C090275D5EF700F075B6 /* Spec.swift */ = {isa = PBXFileReference; lastKnownFileType = sourcecode.swift; path = Spec.swift; sourceTree = "<group>"; };
		C583C092275D682D00F075B6 /* UnitsViewController.swift */ = {isa = PBXFileReference; lastKnownFileType = sourcecode.swift; path = UnitsViewController.swift; sourceTree = "<group>"; };
/* End PBXFileReference section */

/* Begin PBXFrameworksBuildPhase section */
		C583C060275CE20F00F075B6 /* Frameworks */ = {
			isa = PBXFrameworksBuildPhase;
			buildActionMask = 2147483647;
			files = (
			);
			runOnlyForDeploymentPostprocessing = 0;
		};
/* End PBXFrameworksBuildPhase section */

/* Begin PBXGroup section */
		C566D2BE275E20A9001A93FE /* Views */ = {
			isa = PBXGroup;
			children = (
				C566D2BF275E20D8001A93FE /* UnitTableViewCell.swift */,
				C566D2C0275E20D8001A93FE /* UnitTableViewCell.xib */,
			);
			path = Views;
			sourceTree = "<group>";
		};
		C583C05A275CE20F00F075B6 = {
			isa = PBXGroup;
			children = (
				C583C065275CE20F00F075B6 /* Project */,
				C583C064275CE20F00F075B6 /* Products */,
			);
			sourceTree = "<group>";
		};
		C583C064275CE20F00F075B6 /* Products */ = {
			isa = PBXGroup;
			children = (
				C583C063275CE20F00F075B6 /* Project.app */,
			);
			name = Products;
			sourceTree = "<group>";
		};
		C583C065275CE20F00F075B6 /* Project */ = {
			isa = PBXGroup;
			children = (
				C583C07A275CE27300F075B6 /* App Delegate */,
				C583C08C275D5B0500F075B6 /* Extensions */,
				C583C07E275CE6D300F075B6 /* Network */,
				C583C07D275CE3AB00F075B6 /* Scenes */,
				C583C07B275CE31B00F075B6 /* StoryBoards */,
				C583C07C275CE36300F075B6 /* Assests */,
				C583C074275CE21200F075B6 /* Info.plist */,
			);
			path = Project;
			sourceTree = "<group>";
		};
		C583C07A275CE27300F075B6 /* App Delegate */ = {
			isa = PBXGroup;
			children = (
				C583C068275CE20F00F075B6 /* SceneDelegate.swift */,
				C583C066275CE20F00F075B6 /* AppDelegate.swift */,
			);
			path = "App Delegate";
			sourceTree = "<group>";
		};
		C583C07B275CE31B00F075B6 /* StoryBoards */ = {
			isa = PBXGroup;
			children = (
				C583C071275CE21200F075B6 /* LaunchScreen.storyboard */,
				C583C06C275CE20F00F075B6 /* Main.storyboard */,
			);
			path = StoryBoards;
			sourceTree = "<group>";
		};
		C583C07C275CE36300F075B6 /* Assests */ = {
			isa = PBXGroup;
			children = (
				C583C06F275CE21200F075B6 /* Assets.xcassets */,
			);
			path = Assests;
			sourceTree = "<group>";
		};
		C583C07D275CE3AB00F075B6 /* Scenes */ = {
			isa = PBXGroup;
			children = (
				C566D2BE275E20A9001A93FE /* Views */,
				C583C089275D32D900F075B6 /* Models */,
				C583C085275D292F00F075B6 /* webViewController.swift */,
				C583C087275D2FFC00F075B6 /* UserInformationViewController.swift */,
				C583C092275D682D00F075B6 /* UnitsViewController.swift */,
			);
			path = Scenes;
			sourceTree = "<group>";
		};
		C583C07E275CE6D300F075B6 /* Network */ = {
			isa = PBXGroup;
			children = (
				C583C07F275CEC7000F075B6 /* APIRoute.swift */,
				C583C081275CEFC100F075B6 /* APIHandler.swift */,
				C583C083275CF83400F075B6 /* ProjectNetwork.swift */,
			);
			path = Network;
			sourceTree = "<group>";
		};
		C583C089275D32D900F075B6 /* Models */ = {
			isa = PBXGroup;
			children = (
				C583C090275D5EF700F075B6 /* Spec.swift */,
				C583C08A275D37DC00F075B6 /* User.swift */,
				C566D2BC275E0467001A93FE /* Unit.swift */,
				C566D2C5275EBC40001A93FE /* Coords.swift */,
			);
			path = Models;
			sourceTree = "<group>";
		};
		C583C08C275D5B0500F075B6 /* Extensions */ = {
			isa = PBXGroup;
			children = (
				C566D2C7275EBF0E001A93FE /* UIViewController+Extensions.swift */,
				C583C08D275D5B2B00F075B6 /* URL + Extenstions.swift */,
				C57601C7275FEEA200B380A8 /* UIView + Extensions.swift */,
				C566D2C3275EB659001A93FE /* Encodable+Extensions.swift */,
				C57601C9275FEEFD00B380A8 /* UIButton + Extensions.swift */,
			);
			path = Extensions;
			sourceTree = "<group>";
		};
/* End PBXGroup section */

/* Begin PBXNativeTarget section */
		C583C062275CE20F00F075B6 /* Project */ = {
			isa = PBXNativeTarget;
			buildConfigurationList = C583C077275CE21200F075B6 /* Build configuration list for PBXNativeTarget "Project" */;
			buildPhases = (
				C583C05F275CE20F00F075B6 /* Sources */,
				C583C060275CE20F00F075B6 /* Frameworks */,
				C583C061275CE20F00F075B6 /* Resources */,
			);
			buildRules = (
			);
			dependencies = (
			);
			name = Project;
			productName = Project;
			productReference = C583C063275CE20F00F075B6 /* Project.app */;
			productType = "com.apple.product-type.application";
		};
/* End PBXNativeTarget section */

/* Begin PBXProject section */
		C583C05B275CE20F00F075B6 /* Project object */ = {
			isa = PBXProject;
			attributes = {
				BuildIndependentTargetsInParallel = 1;
				LastSwiftUpdateCheck = 1310;
				LastUpgradeCheck = 1310;
				TargetAttributes = {
					C583C062275CE20F00F075B6 = {
						CreatedOnToolsVersion = 13.1;
					};
				};
			};
			buildConfigurationList = C583C05E275CE20F00F075B6 /* Build configuration list for PBXProject "Project" */;
			compatibilityVersion = "Xcode 13.0";
			developmentRegion = en;
			hasScannedForEncodings = 0;
			knownRegions = (
				en,
				Base,
			);
			mainGroup = C583C05A275CE20F00F075B6;
			productRefGroup = C583C064275CE20F00F075B6 /* Products */;
			projectDirPath = "";
			projectRoot = "";
			targets = (
				C583C062275CE20F00F075B6 /* Project */,
			);
		};
/* End PBXProject section */

/* Begin PBXResourcesBuildPhase section */
		C583C061275CE20F00F075B6 /* Resources */ = {
			isa = PBXResourcesBuildPhase;
			buildActionMask = 2147483647;
			files = (
				C583C073275CE21200F075B6 /* LaunchScreen.storyboard in Resources */,
				C566D2C2275E20D8001A93FE /* UnitTableViewCell.xib in Resources */,
				C583C070275CE21200F075B6 /* Assets.xcassets in Resources */,
				C583C06E275CE20F00F075B6 /* Main.storyboard in Resources */,
			);
			runOnlyForDeploymentPostprocessing = 0;
		};
/* End PBXResourcesBuildPhase section */

/* Begin PBXSourcesBuildPhase section */
		C583C05F275CE20F00F075B6 /* Sources */ = {
			isa = PBXSourcesBuildPhase;
			buildActionMask = 2147483647;
			files = (
				C566D2BD275E0467001A93FE /* Unit.swift in Sources */,
				C566D2C6275EBC40001A93FE /* Coords.swift in Sources */,
				C566D2C1275E20D8001A93FE /* UnitTableViewCell.swift in Sources */,
				C583C08E275D5B2B00F075B6 /* URL + Extenstions.swift in Sources */,
				C583C086275D292F00F075B6 /* webViewController.swift in Sources */,
				C566D2C8275EBF0E001A93FE /* UIViewController+Extensions.swift in Sources */,
				C583C088275D2FFC00F075B6 /* UserInformationViewController.swift in Sources */,
				C57601CA275FEEFD00B380A8 /* UIButton + Extensions.swift in Sources */,
				C583C067275CE20F00F075B6 /* AppDelegate.swift in Sources */,
				C583C093275D682D00F075B6 /* UnitsViewController.swift in Sources */,
				C566D2C4275EB65A001A93FE /* Encodable+Extensions.swift in Sources */,
				C57601C8275FEEA200B380A8 /* UIView + Extensions.swift in Sources */,
				C583C084275CF83400F075B6 /* ProjectNetwork.swift in Sources */,
				C583C08B275D37DC00F075B6 /* User.swift in Sources */,
				C583C082275CEFC100F075B6 /* APIHandler.swift in Sources */,
				C583C080275CEC7000F075B6 /* APIRoute.swift in Sources */,
				C583C091275D5EF700F075B6 /* Spec.swift in Sources */,
				C583C069275CE20F00F075B6 /* SceneDelegate.swift in Sources */,
			);
			runOnlyForDeploymentPostprocessing = 0;
		};
/* End PBXSourcesBuildPhase section */

/* Begin PBXVariantGroup section */
		C583C06C275CE20F00F075B6 /* Main.storyboard */ = {
			isa = PBXVariantGroup;
			children = (
				C583C06D275CE20F00F075B6 /* Base */,
			);
			name = Main.storyboard;
			sourceTree = "<group>";
		};
		C583C071275CE21200F075B6 /* LaunchScreen.storyboard */ = {
			isa = PBXVariantGroup;
			children = (
				C583C072275CE21200F075B6 /* Base */,
			);
			name = LaunchScreen.storyboard;
			sourceTree = "<group>";
		};
/* End PBXVariantGroup section */

/* Begin XCBuildConfiguration section */
		C583C075275CE21200F075B6 /* Debug */ = {
			isa = XCBuildConfiguration;
			buildSettings = {
				ALWAYS_SEARCH_USER_PATHS = NO;
				CLANG_ANALYZER_NONNULL = YES;
				CLANG_ANALYZER_NUMBER_OBJECT_CONVERSION = YES_AGGRESSIVE;
				CLANG_CXX_LANGUAGE_STANDARD = "gnu++17";
				CLANG_CXX_LIBRARY = "libc++";
				CLANG_ENABLE_MODULES = YES;
				CLANG_ENABLE_OBJC_ARC = YES;
				CLANG_ENABLE_OBJC_WEAK = YES;
				CLANG_WARN_BLOCK_CAPTURE_AUTORELEASING = YES;
				CLANG_WARN_BOOL_CONVERSION = YES;
				CLANG_WARN_COMMA = YES;
				CLANG_WARN_CONSTANT_CONVERSION = YES;
				CLANG_WARN_DEPRECATED_OBJC_IMPLEMENTATIONS = YES;
				CLANG_WARN_DIRECT_OBJC_ISA_USAGE = YES_ERROR;
				CLANG_WARN_DOCUMENTATION_COMMENTS = YES;
				CLANG_WARN_EMPTY_BODY = YES;
				CLANG_WARN_ENUM_CONVERSION = YES;
				CLANG_WARN_INFINITE_RECURSION = YES;
				CLANG_WARN_INT_CONVERSION = YES;
				CLANG_WARN_NON_LITERAL_NULL_CONVERSION = YES;
				CLANG_WARN_OBJC_IMPLICIT_RETAIN_SELF = YES;
				CLANG_WARN_OBJC_LITERAL_CONVERSION = YES;
				CLANG_WARN_OBJC_ROOT_CLASS = YES_ERROR;
				CLANG_WARN_QUOTED_INCLUDE_IN_FRAMEWORK_HEADER = YES;
				CLANG_WARN_RANGE_LOOP_ANALYSIS = YES;
				CLANG_WARN_STRICT_PROTOTYPES = YES;
				CLANG_WARN_SUSPICIOUS_MOVE = YES;
				CLANG_WARN_UNGUARDED_AVAILABILITY = YES_AGGRESSIVE;
				CLANG_WARN_UNREACHABLE_CODE = YES;
				CLANG_WARN__DUPLICATE_METHOD_MATCH = YES;
				COPY_PHASE_STRIP = NO;
				DEBUG_INFORMATION_FORMAT = dwarf;
				ENABLE_STRICT_OBJC_MSGSEND = YES;
				ENABLE_TESTABILITY = YES;
				GCC_C_LANGUAGE_STANDARD = gnu11;
				GCC_DYNAMIC_NO_PIC = NO;
				GCC_NO_COMMON_BLOCKS = YES;
				GCC_OPTIMIZATION_LEVEL = 0;
				GCC_PREPROCESSOR_DEFINITIONS = (
					"DEBUG=1",
					"$(inherited)",
				);
				GCC_WARN_64_TO_32_BIT_CONVERSION = YES;
				GCC_WARN_ABOUT_RETURN_TYPE = YES_ERROR;
				GCC_WARN_UNDECLARED_SELECTOR = YES;
				GCC_WARN_UNINITIALIZED_AUTOS = YES_AGGRESSIVE;
				GCC_WARN_UNUSED_FUNCTION = YES;
				GCC_WARN_UNUSED_VARIABLE = YES;
				IPHONEOS_DEPLOYMENT_TARGET = 15.0;
				MTL_ENABLE_DEBUG_INFO = INCLUDE_SOURCE;
				MTL_FAST_MATH = YES;
				ONLY_ACTIVE_ARCH = YES;
				SDKROOT = iphoneos;
				SWIFT_ACTIVE_COMPILATION_CONDITIONS = DEBUG;
				SWIFT_OPTIMIZATION_LEVEL = "-Onone";
			};
			name = Debug;
		};
		C583C076275CE21200F075B6 /* Release */ = {
			isa = XCBuildConfiguration;
			buildSettings = {
				ALWAYS_SEARCH_USER_PATHS = NO;
				CLANG_ANALYZER_NONNULL = YES;
				CLANG_ANALYZER_NUMBER_OBJECT_CONVERSION = YES_AGGRESSIVE;
				CLANG_CXX_LANGUAGE_STANDARD = "gnu++17";
				CLANG_CXX_LIBRARY = "libc++";
				CLANG_ENABLE_MODULES = YES;
				CLANG_ENABLE_OBJC_ARC = YES;
				CLANG_ENABLE_OBJC_WEAK = YES;
				CLANG_WARN_BLOCK_CAPTURE_AUTORELEASING = YES;
				CLANG_WARN_BOOL_CONVERSION = YES;
				CLANG_WARN_COMMA = YES;
				CLANG_WARN_CONSTANT_CONVERSION = YES;
				CLANG_WARN_DEPRECATED_OBJC_IMPLEMENTATIONS = YES;
				CLANG_WARN_DIRECT_OBJC_ISA_USAGE = YES_ERROR;
				CLANG_WARN_DOCUMENTATION_COMMENTS = YES;
				CLANG_WARN_EMPTY_BODY = YES;
				CLANG_WARN_ENUM_CONVERSION = YES;
				CLANG_WARN_INFINITE_RECURSION = YES;
				CLANG_WARN_INT_CONVERSION = YES;
				CLANG_WARN_NON_LITERAL_NULL_CONVERSION = YES;
				CLANG_WARN_OBJC_IMPLICIT_RETAIN_SELF = YES;
				CLANG_WARN_OBJC_LITERAL_CONVERSION = YES;
				CLANG_WARN_OBJC_ROOT_CLASS = YES_ERROR;
				CLANG_WARN_QUOTED_INCLUDE_IN_FRAMEWORK_HEADER = YES;
				CLANG_WARN_RANGE_LOOP_ANALYSIS = YES;
				CLANG_WARN_STRICT_PROTOTYPES = YES;
				CLANG_WARN_SUSPICIOUS_MOVE = YES;
				CLANG_WARN_UNGUARDED_AVAILABILITY = YES_AGGRESSIVE;
				CLANG_WARN_UNREACHABLE_CODE = YES;
				CLANG_WARN__DUPLICATE_METHOD_MATCH = YES;
				COPY_PHASE_STRIP = NO;
				DEBUG_INFORMATION_FORMAT = "dwarf-with-dsym";
				ENABLE_NS_ASSERTIONS = NO;
				ENABLE_STRICT_OBJC_MSGSEND = YES;
				GCC_C_LANGUAGE_STANDARD = gnu11;
				GCC_NO_COMMON_BLOCKS = YES;
				GCC_WARN_64_TO_32_BIT_CONVERSION = YES;
				GCC_WARN_ABOUT_RETURN_TYPE = YES_ERROR;
				GCC_WARN_UNDECLARED_SELECTOR = YES;
				GCC_WARN_UNINITIALIZED_AUTOS = YES_AGGRESSIVE;
				GCC_WARN_UNUSED_FUNCTION = YES;
				GCC_WARN_UNUSED_VARIABLE = YES;
				IPHONEOS_DEPLOYMENT_TARGET = 15.0;
				MTL_ENABLE_DEBUG_INFO = NO;
				MTL_FAST_MATH = YES;
				SDKROOT = iphoneos;
				SWIFT_COMPILATION_MODE = wholemodule;
				SWIFT_OPTIMIZATION_LEVEL = "-O";
				VALIDATE_PRODUCT = YES;
			};
			name = Release;
		};
		C583C078275CE21200F075B6 /* Debug */ = {
			isa = XCBuildConfiguration;
			buildSettings = {
				ASSETCATALOG_COMPILER_APPICON_NAME = AppIcon;
				ASSETCATALOG_COMPILER_GLOBAL_ACCENT_COLOR_NAME = AccentColor;
				CODE_SIGN_STYLE = Automatic;
				CURRENT_PROJECT_VERSION = 1;
				GENERATE_INFOPLIST_FILE = YES;
				INFOPLIST_FILE = Project/Info.plist;
				INFOPLIST_KEY_UIApplicationSupportsIndirectInputEvents = YES;
				INFOPLIST_KEY_UILaunchStoryboardName = LaunchScreen;
				INFOPLIST_KEY_UIMainStoryboardFile = Main;
				INFOPLIST_KEY_UISupportedInterfaceOrientations_iPad = "UIInterfaceOrientationPortrait UIInterfaceOrientationPortraitUpsideDown UIInterfaceOrientationLandscapeLeft UIInterfaceOrientationLandscapeRight";
				INFOPLIST_KEY_UISupportedInterfaceOrientations_iPhone = "UIInterfaceOrientationPortrait UIInterfaceOrientationLandscapeLeft UIInterfaceOrientationLandscapeRight";
				LD_RUNPATH_SEARCH_PATHS = (
					"$(inherited)",
					"@executable_path/Frameworks",
				);
				MARKETING_VERSION = 1.0;
				PRODUCT_BUNDLE_IDENTIFIER = monica.Project;
				PRODUCT_NAME = "$(TARGET_NAME)";
				SWIFT_EMIT_LOC_STRINGS = YES;
				SWIFT_VERSION = 5.0;
				TARGETED_DEVICE_FAMILY = 1;
			};
			name = Debug;
		};
		C583C079275CE21200F075B6 /* Release */ = {
			isa = XCBuildConfiguration;
			buildSettings = {
				ASSETCATALOG_COMPILER_APPICON_NAME = AppIcon;
				ASSETCATALOG_COMPILER_GLOBAL_ACCENT_COLOR_NAME = AccentColor;
				CODE_SIGN_STYLE = Automatic;
				CURRENT_PROJECT_VERSION = 1;
				GENERATE_INFOPLIST_FILE = YES;
				INFOPLIST_FILE = Project/Info.plist;
				INFOPLIST_KEY_UIApplicationSupportsIndirectInputEvents = YES;
				INFOPLIST_KEY_UILaunchStoryboardName = LaunchScreen;
				INFOPLIST_KEY_UIMainStoryboardFile = Main;
				INFOPLIST_KEY_UISupportedInterfaceOrientations_iPad = "UIInterfaceOrientationPortrait UIInterfaceOrientationPortraitUpsideDown UIInterfaceOrientationLandscapeLeft UIInterfaceOrientationLandscapeRight";
				INFOPLIST_KEY_UISupportedInterfaceOrientations_iPhone = "UIInterfaceOrientationPortrait UIInterfaceOrientationLandscapeLeft UIInterfaceOrientationLandscapeRight";
				LD_RUNPATH_SEARCH_PATHS = (
					"$(inherited)",
					"@executable_path/Frameworks",
				);
				MARKETING_VERSION = 1.0;
				PRODUCT_BUNDLE_IDENTIFIER = monica.Project;
				PRODUCT_NAME = "$(TARGET_NAME)";
				SWIFT_EMIT_LOC_STRINGS = YES;
				SWIFT_VERSION = 5.0;
				TARGETED_DEVICE_FAMILY = 1;
			};
			name = Release;
		};
/* End XCBuildConfiguration section */

/* Begin XCConfigurationList section */
		C583C05E275CE20F00F075B6 /* Build configuration list for PBXProject "Project" */ = {
			isa = XCConfigurationList;
			buildConfigurations = (
				C583C075275CE21200F075B6 /* Debug */,
				C583C076275CE21200F075B6 /* Release */,
			);
			defaultConfigurationIsVisible = 0;
			defaultConfigurationName = Release;
		};
		C583C077275CE21200F075B6 /* Build configuration list for PBXNativeTarget "Project" */ = {
			isa = XCConfigurationList;
			buildConfigurations = (
				C583C078275CE21200F075B6 /* Debug */,
				C583C079275CE21200F075B6 /* Release */,
			);
			defaultConfigurationIsVisible = 0;
			defaultConfigurationName = Release;
		};
/* End XCConfigurationList section */
	};
	rootObject = C583C05B275CE20F00F075B6 /* Project object */;
}
